
Microsoft Visual Studio Solution File, Format Version 12.00
# Visual Studio Version 17
VisualStudioVersion = 17.0.31912.275
MinimumVisualStudioVersion = 10.0.40219.1
Project("{FAE04EC0-301F-11D3-BF4B-00C04F79EFBC}") = "TelegramBot", "TelegramBot\TelegramBot.csproj", "{70FE3C96-D232-4CF6-8CCA-0C1DACA4127E}"
EndProject
Global
	GlobalSection(SolutionConfigurationPlatforms) = preSolution
		Debug|Any CPU = Debug|Any CPU
		Release|Any CPU = Release|Any CPU
	EndGlobalSection
	GlobalSection(ProjectConfigurationPlatforms) = postSolution
		{70FE3C96-D232-4CF6-8CCA-0C1DACA4127E}.Debug|Any CPU.ActiveCfg = Debug|Any CPU
		{70FE3C96-D232-4CF6-8CCA-0C1DACA4127E}.Debug|Any CPU.Build.0 = Debug|Any CPU
		{70FE3C96-D232-4CF6-8CCA-0C1DACA4127E}.Release|Any CPU.ActiveCfg = Release|Any CPU
		{70FE3C96-D232-4CF6-8CCA-0C1DACA4127E}.Release|Any CPU.Build.0 = Release|Any CPU
	EndGlobalSection
	GlobalSection(SolutionProperties) = preSolution
		HideSolutionNode = FALSE
	EndGlobalSection
	GlobalSection(ExtensibilityGlobals) = postSolution
		SolutionGuid = {83F765EE-218F-466A-8544-353802AD4AB3}
	EndGlobalSection
EndGlobal
